
Microsoft Visual Studio Solution File, Format Version 12.00
# Visual Studio Version 17
VisualStudioVersion = 17.11.35327.3
MinimumVisualStudioVersion = 10.0.40219.1
Project("{FAE04EC0-301F-11D3-BF4B-00C04F79EFBC}") = "SP07", "SP07\SP07.csproj", "{7C4265BE-A686-4FF7-A616-DF94C484DB65}"
EndProject
Global
	GlobalSection(SolutionConfigurationPlatforms) = preSolution
		Debug|Any CPU = Debug|Any CPU
		Release|Any CPU = Release|Any CPU
	EndGlobalSection
	GlobalSection(ProjectConfigurationPlatforms) = postSolution
		{7C4265BE-A686-4FF7-A616-DF94C484DB65}.Debug|Any CPU.ActiveCfg = Debug|Any CPU
		{7C4265BE-A686-4FF7-A616-DF94C484DB65}.Debug|Any CPU.Build.0 = Debug|Any CPU
		{7C4265BE-A686-4FF7-A616-DF94C484DB65}.Release|Any CPU.ActiveCfg = Release|Any CPU
		{7C4265BE-A686-4FF7-A616-DF94C484DB65}.Release|Any CPU.Build.0 = Release|Any CPU
	EndGlobalSection
	GlobalSection(SolutionProperties) = preSolution
		HideSolutionNode = FALSE
	EndGlobalSection
	GlobalSection(ExtensibilityGlobals) = postSolution
		SolutionGuid = {08000DEA-76A9-4BB8-AE71-F3F945F68981}
	EndGlobalSection
EndGlobal
